
Microsoft Visual Studio Solution File, Format Version 12.00
# Visual Studio Version 17
VisualStudioVersion = 17.4.33205.214
MinimumVisualStudioVersion = 10.0.40219.1
Project("{2150E333-8FDC-42A3-9474-1A3956D46DE8}") = "src", "src", "{EA2695D3-A83D-4329-8FD4-31D213255AC3}"
EndProject
Project("{2150E333-8FDC-42A3-9474-1A3956D46DE8}") = "01 Host", "01 Host", "{3CA0D488-5305-495E-8BF9-C32AF79487BC}"
EndProject
Project("{2150E333-8FDC-42A3-9474-1A3956D46DE8}") = "02 Implementation", "02 Implementation", "{2C48E9F6-29CB-40EE-A494-CE5FEC2850A2}"
EndProject
Project("{2150E333-8FDC-42A3-9474-1A3956D46DE8}") = "03 Core", "03 Core", "{090F0227-EE1D-4A91-A7A6-6D7E1F76097E}"
EndProject
Project("{FAE04EC0-301F-11D3-BF4B-00C04F79EFBC}") = "API", "API\API.csproj", "{6FAB6F3F-6823-4029-8296-64FBAB45CD81}"
EndProject
Project("{FAE04EC0-301F-11D3-BF4B-00C04F79EFBC}") = "Infrastructure", "Infrastructure\Infrastructure.csproj", "{26623AB4-5B95-48CC-9ACF-D7F8FCED9D55}"
EndProject
Project("{FAE04EC0-301F-11D3-BF4B-00C04F79EFBC}") = "Presentation", "Presentacion\Presentation.csproj", "{9D012AF0-C367-48E7-BA17-03D92297990D}"
EndProject
Project("{FAE04EC0-301F-11D3-BF4B-00C04F79EFBC}") = "Application", "Application\Application.csproj", "{EF206BB1-7162-4FC0-AFC5-048151694046}"
EndProject
Project("{FAE04EC0-301F-11D3-BF4B-00C04F79EFBC}") = "Domain", "Domain\Domain.csproj", "{40C882E1-9440-4E5A-87EC-1736B6EA340C}"
EndProject
Global
	GlobalSection(SolutionConfigurationPlatforms) = preSolution
		Debug|Any CPU = Debug|Any CPU
		Release|Any CPU = Release|Any CPU
	EndGlobalSection
	GlobalSection(ProjectConfigurationPlatforms) = postSolution
		{6FAB6F3F-6823-4029-8296-64FBAB45CD81}.Debug|Any CPU.ActiveCfg = Debug|Any CPU
		{6FAB6F3F-6823-4029-8296-64FBAB45CD81}.Debug|Any CPU.Build.0 = Debug|Any CPU
		{6FAB6F3F-6823-4029-8296-64FBAB45CD81}.Release|Any CPU.ActiveCfg = Release|Any CPU
		{6FAB6F3F-6823-4029-8296-64FBAB45CD81}.Release|Any CPU.Build.0 = Release|Any CPU
		{26623AB4-5B95-48CC-9ACF-D7F8FCED9D55}.Debug|Any CPU.ActiveCfg = Debug|Any CPU
		{26623AB4-5B95-48CC-9ACF-D7F8FCED9D55}.Debug|Any CPU.Build.0 = Debug|Any CPU
		{26623AB4-5B95-48CC-9ACF-D7F8FCED9D55}.Release|Any CPU.ActiveCfg = Release|Any CPU
		{26623AB4-5B95-48CC-9ACF-D7F8FCED9D55}.Release|Any CPU.Build.0 = Release|Any CPU
		{9D012AF0-C367-48E7-BA17-03D92297990D}.Debug|Any CPU.ActiveCfg = Debug|Any CPU
		{9D012AF0-C367-48E7-BA17-03D92297990D}.Debug|Any CPU.Build.0 = Debug|Any CPU
		{9D012AF0-C367-48E7-BA17-03D92297990D}.Release|Any CPU.ActiveCfg = Release|Any CPU
		{9D012AF0-C367-48E7-BA17-03D92297990D}.Release|Any CPU.Build.0 = Release|Any CPU
		{EF206BB1-7162-4FC0-AFC5-048151694046}.Debug|Any CPU.ActiveCfg = Debug|Any CPU
		{EF206BB1-7162-4FC0-AFC5-048151694046}.Debug|Any CPU.Build.0 = Debug|Any CPU
		{EF206BB1-7162-4FC0-AFC5-048151694046}.Release|Any CPU.ActiveCfg = Release|Any CPU
		{EF206BB1-7162-4FC0-AFC5-048151694046}.Release|Any CPU.Build.0 = Release|Any CPU
		{40C882E1-9440-4E5A-87EC-1736B6EA340C}.Debug|Any CPU.ActiveCfg = Debug|Any CPU
		{40C882E1-9440-4E5A-87EC-1736B6EA340C}.Debug|Any CPU.Build.0 = Debug|Any CPU
		{40C882E1-9440-4E5A-87EC-1736B6EA340C}.Release|Any CPU.ActiveCfg = Release|Any CPU
		{40C882E1-9440-4E5A-87EC-1736B6EA340C}.Release|Any CPU.Build.0 = Release|Any CPU
	EndGlobalSection
	GlobalSection(SolutionProperties) = preSolution
		HideSolutionNode = FALSE
	EndGlobalSection
	GlobalSection(NestedProjects) = preSolution
		{3CA0D488-5305-495E-8BF9-C32AF79487BC} = {EA2695D3-A83D-4329-8FD4-31D213255AC3}
		{2C48E9F6-29CB-40EE-A494-CE5FEC2850A2} = {EA2695D3-A83D-4329-8FD4-31D213255AC3}
		{090F0227-EE1D-4A91-A7A6-6D7E1F76097E} = {EA2695D3-A83D-4329-8FD4-31D213255AC3}
		{6FAB6F3F-6823-4029-8296-64FBAB45CD81} = {3CA0D488-5305-495E-8BF9-C32AF79487BC}
		{26623AB4-5B95-48CC-9ACF-D7F8FCED9D55} = {2C48E9F6-29CB-40EE-A494-CE5FEC2850A2}
		{9D012AF0-C367-48E7-BA17-03D92297990D} = {2C48E9F6-29CB-40EE-A494-CE5FEC2850A2}
		{EF206BB1-7162-4FC0-AFC5-048151694046} = {090F0227-EE1D-4A91-A7A6-6D7E1F76097E}
		{40C882E1-9440-4E5A-87EC-1736B6EA340C} = {090F0227-EE1D-4A91-A7A6-6D7E1F76097E}
	EndGlobalSection
	GlobalSection(ExtensibilityGlobals) = postSolution
		SolutionGuid = {F37FA981-AAAA-4550-9ECF-82EE65B7B736}
	EndGlobalSection
EndGlobal
